
Microsoft Visual Studio Solution File, Format Version 12.00
# Visual Studio Version 16
VisualStudioVersion = 16.0.31624.102
MinimumVisualStudioVersion = 10.0.40219.1
Project("{FAE04EC0-301F-11D3-BF4B-00C04F79EFBC}") = "BooksAndBooks", "BooksAndBooks\BooksAndBooks.csproj", "{63BC68FE-8E88-4CA3-989B-C43E0A61FDE2}"
EndProject
Global
	GlobalSection(SolutionConfigurationPlatforms) = preSolution
		Debug|Any CPU = Debug|Any CPU
		Release|Any CPU = Release|Any CPU
	EndGlobalSection
	GlobalSection(ProjectConfigurationPlatforms) = postSolution
		{63BC68FE-8E88-4CA3-989B-C43E0A61FDE2}.Debug|Any CPU.ActiveCfg = Debug|Any CPU
		{63BC68FE-8E88-4CA3-989B-C43E0A61FDE2}.Debug|Any CPU.Build.0 = Debug|Any CPU
		{63BC68FE-8E88-4CA3-989B-C43E0A61FDE2}.Release|Any CPU.ActiveCfg = Release|Any CPU
		{63BC68FE-8E88-4CA3-989B-C43E0A61FDE2}.Release|Any CPU.Build.0 = Release|Any CPU
	EndGlobalSection
	GlobalSection(SolutionProperties) = preSolution
		HideSolutionNode = FALSE
	EndGlobalSection
	GlobalSection(ExtensibilityGlobals) = postSolution
		SolutionGuid = {D1069DF8-FE45-4A67-9128-919F649390B2}
	EndGlobalSection
EndGlobal
